
Microsoft Visual Studio Solution File, Format Version 12.00
# Visual Studio Version 17
VisualStudioVersion = 17.3.32929.385
MinimumVisualStudioVersion = 10.0.40219.1
Project("{9A19103F-16F7-4668-BE54-9A1E7A4F7556}") = "Darts_App.Models", "Darts_App.Models\Darts_App.Models.csproj", "{1C352827-A51A-4106-9D3C-54AAC759716F}"
EndProject
Project("{2150E333-8FDC-42A3-9474-1A3956D46DE8}") = "Shared", "Shared", "{05CB4EC8-269F-4919-9770-7C574FDD24B2}"
EndProject
Project("{2150E333-8FDC-42A3-9474-1A3956D46DE8}") = "Backend", "Backend", "{03DF65E5-8569-47A7-A52C-05AC19DF58F6}"
EndProject
Project("{9A19103F-16F7-4668-BE54-9A1E7A4F7556}") = "Darts_App.Repository", "Darts_App.Repository\Darts_App.Repository.csproj", "{E7A67497-1409-4B77-B214-3E7477F78F5A}"
EndProject
Project("{9A19103F-16F7-4668-BE54-9A1E7A4F7556}") = "Darts_App.Logic", "Darts_App.Logic\Darts_App.Logic.csproj", "{5781FC1C-C5E8-4720-9443-BB7AC5BB15C1}"
EndProject
Project("{9A19103F-16F7-4668-BE54-9A1E7A4F7556}") = "Darts_App.ConsoleClient", "Darts_App.ConsoleClient\Darts_App.ConsoleClient.csproj", "{8682DAAF-D859-41DB-B697-31F81E4BB76B}"
EndProject
Project("{2150E333-8FDC-42A3-9474-1A3956D46DE8}") = "Frontend", "Frontend", "{B35714E4-4894-4DC0-A6DA-4B8A1C50C346}"
EndProject
Global
	GlobalSection(SolutionConfigurationPlatforms) = preSolution
		Debug|Any CPU = Debug|Any CPU
		Release|Any CPU = Release|Any CPU
	EndGlobalSection
	GlobalSection(ProjectConfigurationPlatforms) = postSolution
		{1C352827-A51A-4106-9D3C-54AAC759716F}.Debug|Any CPU.ActiveCfg = Debug|Any CPU
		{1C352827-A51A-4106-9D3C-54AAC759716F}.Debug|Any CPU.Build.0 = Debug|Any CPU
		{1C352827-A51A-4106-9D3C-54AAC759716F}.Release|Any CPU.ActiveCfg = Release|Any CPU
		{1C352827-A51A-4106-9D3C-54AAC759716F}.Release|Any CPU.Build.0 = Release|Any CPU
		{E7A67497-1409-4B77-B214-3E7477F78F5A}.Debug|Any CPU.ActiveCfg = Debug|Any CPU
		{E7A67497-1409-4B77-B214-3E7477F78F5A}.Debug|Any CPU.Build.0 = Debug|Any CPU
		{E7A67497-1409-4B77-B214-3E7477F78F5A}.Release|Any CPU.ActiveCfg = Release|Any CPU
		{E7A67497-1409-4B77-B214-3E7477F78F5A}.Release|Any CPU.Build.0 = Release|Any CPU
		{5781FC1C-C5E8-4720-9443-BB7AC5BB15C1}.Debug|Any CPU.ActiveCfg = Debug|Any CPU
		{5781FC1C-C5E8-4720-9443-BB7AC5BB15C1}.Debug|Any CPU.Build.0 = Debug|Any CPU
		{5781FC1C-C5E8-4720-9443-BB7AC5BB15C1}.Release|Any CPU.ActiveCfg = Release|Any CPU
		{5781FC1C-C5E8-4720-9443-BB7AC5BB15C1}.Release|Any CPU.Build.0 = Release|Any CPU
		{8682DAAF-D859-41DB-B697-31F81E4BB76B}.Debug|Any CPU.ActiveCfg = Debug|Any CPU
		{8682DAAF-D859-41DB-B697-31F81E4BB76B}.Debug|Any CPU.Build.0 = Debug|Any CPU
		{8682DAAF-D859-41DB-B697-31F81E4BB76B}.Release|Any CPU.ActiveCfg = Release|Any CPU
		{8682DAAF-D859-41DB-B697-31F81E4BB76B}.Release|Any CPU.Build.0 = Release|Any CPU
	EndGlobalSection
	GlobalSection(SolutionProperties) = preSolution
		HideSolutionNode = FALSE
	EndGlobalSection
	GlobalSection(NestedProjects) = preSolution
		{1C352827-A51A-4106-9D3C-54AAC759716F} = {05CB4EC8-269F-4919-9770-7C574FDD24B2}
		{E7A67497-1409-4B77-B214-3E7477F78F5A} = {03DF65E5-8569-47A7-A52C-05AC19DF58F6}
		{5781FC1C-C5E8-4720-9443-BB7AC5BB15C1} = {03DF65E5-8569-47A7-A52C-05AC19DF58F6}
		{8682DAAF-D859-41DB-B697-31F81E4BB76B} = {B35714E4-4894-4DC0-A6DA-4B8A1C50C346}
	EndGlobalSection
	GlobalSection(ExtensibilityGlobals) = postSolution
		SolutionGuid = {4FF1292F-43F7-4131-B00E-E1867BE38C3A}
	EndGlobalSection
EndGlobal
