
Microsoft Visual Studio Solution File, Format Version 12.00
# Visual Studio Version 17
VisualStudioVersion = 17.5.002.0
MinimumVisualStudioVersion = 10.0.40219.1
Project("{9A19103F-16F7-4668-BE54-9A1E7A4F7556}") = "Darts_App.JSClient", "Darts_App.JSClient.csproj", "{30A54192-397F-40FF-985D-E62ACB7A1BFB}"
EndProject
Global
	GlobalSection(SolutionConfigurationPlatforms) = preSolution
		Debug|Any CPU = Debug|Any CPU
		Release|Any CPU = Release|Any CPU
	EndGlobalSection
	GlobalSection(ProjectConfigurationPlatforms) = postSolution
		{30A54192-397F-40FF-985D-E62ACB7A1BFB}.Debug|Any CPU.ActiveCfg = Debug|Any CPU
		{30A54192-397F-40FF-985D-E62ACB7A1BFB}.Debug|Any CPU.Build.0 = Debug|Any CPU
		{30A54192-397F-40FF-985D-E62ACB7A1BFB}.Release|Any CPU.ActiveCfg = Release|Any CPU
		{30A54192-397F-40FF-985D-E62ACB7A1BFB}.Release|Any CPU.Build.0 = Release|Any CPU
	EndGlobalSection
	GlobalSection(SolutionProperties) = preSolution
		HideSolutionNode = FALSE
	EndGlobalSection
	GlobalSection(ExtensibilityGlobals) = postSolution
		SolutionGuid = {E84F4672-85D5-46A5-BE95-0E83B892BA99}
	EndGlobalSection
EndGlobal
